
Microsoft Visual Studio Solution File, Format Version 12.00
# Visual Studio 2013
VisualStudioVersion = 12.0.21005.1
MinimumVisualStudioVersion = 10.0.40219.1
Project("{FAE04EC0-301F-11D3-BF4B-00C04F79EFBC}") = "iCat.Generate.Dao", "iCat.Generate.Dao\iCat.Generate.Dao.csproj", "{C5BE938C-7450-4BEE-82FB-B70C89E716DA}"
EndProject
Project("{FAE04EC0-301F-11D3-BF4B-00C04F79EFBC}") = "iCat.Generate.IDao", "iCat.Generate.IDao\iCat.Generate.IDao.csproj", "{841981B4-02C3-4307-ABAD-4085B2504E93}"
EndProject
Project("{FAE04EC0-301F-11D3-BF4B-00C04F79EFBC}") = "Foundation.Core", "Foundation.Core\Foundation.Core.csproj", "{398B7FEE-94CD-4F66-A5B4-180F8E443C83}"
EndProject
Project("{FAE04EC0-301F-11D3-BF4B-00C04F79EFBC}") = "CustomSpring.Core", "CustomSpring.Core\CustomSpring.Core.csproj", "{4DE64906-B976-4DE5-A7D3-35772DD086C1}"
EndProject
Project("{FAE04EC0-301F-11D3-BF4B-00C04F79EFBC}") = "iCat.Generate.Service", "iCat.Generate.Service\iCat.Generate.Service.csproj", "{060769CD-D844-41F6-9742-168A1A8F8BDE}"
EndProject
Project("{FAE04EC0-301F-11D3-BF4B-00C04F79EFBC}") = "iCat.Generate.IService", "iCat.Generate.IService\iCat.Generate.IService.csproj", "{A516E39D-7EA6-45A9-A978-1EC39A78DAC6}"
EndProject
Project("{FAE04EC0-301F-11D3-BF4B-00C04F79EFBC}") = "iCat.Generate.ServiceTest", "iCat.Generate.ServiceTest\iCat.Generate.ServiceTest.csproj", "{82497B36-C292-4907-924B-4ABC4ACAEF0B}"
EndProject
Project("{FAE04EC0-301F-11D3-BF4B-00C04F79EFBC}") = "iCatGenerator", "iCatGenerator\iCatGenerator.csproj", "{A79D59AB-0F96-40AC-979F-29B66F5266F7}"
EndProject
Project("{FAE04EC0-301F-11D3-BF4B-00C04F79EFBC}") = "iCat.Generate.Model", "iCat.Generate.Model\iCat.Generate.Model.csproj", "{CC9436B2-96D3-42B7-AE03-AAF3A37B7D78}"
EndProject
Global
	GlobalSection(SolutionConfigurationPlatforms) = preSolution
		Debug|Any CPU = Debug|Any CPU
		Release|Any CPU = Release|Any CPU
	EndGlobalSection
	GlobalSection(ProjectConfigurationPlatforms) = postSolution
		{C5BE938C-7450-4BEE-82FB-B70C89E716DA}.Debug|Any CPU.ActiveCfg = Debug|Any CPU
		{C5BE938C-7450-4BEE-82FB-B70C89E716DA}.Debug|Any CPU.Build.0 = Debug|Any CPU
		{C5BE938C-7450-4BEE-82FB-B70C89E716DA}.Release|Any CPU.ActiveCfg = Release|Any CPU
		{C5BE938C-7450-4BEE-82FB-B70C89E716DA}.Release|Any CPU.Build.0 = Release|Any CPU
		{841981B4-02C3-4307-ABAD-4085B2504E93}.Debug|Any CPU.ActiveCfg = Debug|Any CPU
		{841981B4-02C3-4307-ABAD-4085B2504E93}.Debug|Any CPU.Build.0 = Debug|Any CPU
		{841981B4-02C3-4307-ABAD-4085B2504E93}.Release|Any CPU.ActiveCfg = Release|Any CPU
		{841981B4-02C3-4307-ABAD-4085B2504E93}.Release|Any CPU.Build.0 = Release|Any CPU
		{398B7FEE-94CD-4F66-A5B4-180F8E443C83}.Debug|Any CPU.ActiveCfg = Debug|Any CPU
		{398B7FEE-94CD-4F66-A5B4-180F8E443C83}.Debug|Any CPU.Build.0 = Debug|Any CPU
		{398B7FEE-94CD-4F66-A5B4-180F8E443C83}.Release|Any CPU.ActiveCfg = Release|Any CPU
		{398B7FEE-94CD-4F66-A5B4-180F8E443C83}.Release|Any CPU.Build.0 = Release|Any CPU
		{4DE64906-B976-4DE5-A7D3-35772DD086C1}.Debug|Any CPU.ActiveCfg = Debug|Any CPU
		{4DE64906-B976-4DE5-A7D3-35772DD086C1}.Debug|Any CPU.Build.0 = Debug|Any CPU
		{4DE64906-B976-4DE5-A7D3-35772DD086C1}.Release|Any CPU.ActiveCfg = Release|Any CPU
		{4DE64906-B976-4DE5-A7D3-35772DD086C1}.Release|Any CPU.Build.0 = Release|Any CPU
		{060769CD-D844-41F6-9742-168A1A8F8BDE}.Debug|Any CPU.ActiveCfg = Debug|Any CPU
		{060769CD-D844-41F6-9742-168A1A8F8BDE}.Debug|Any CPU.Build.0 = Debug|Any CPU
		{060769CD-D844-41F6-9742-168A1A8F8BDE}.Release|Any CPU.ActiveCfg = Release|Any CPU
		{060769CD-D844-41F6-9742-168A1A8F8BDE}.Release|Any CPU.Build.0 = Release|Any CPU
		{A516E39D-7EA6-45A9-A978-1EC39A78DAC6}.Debug|Any CPU.ActiveCfg = Debug|Any CPU
		{A516E39D-7EA6-45A9-A978-1EC39A78DAC6}.Debug|Any CPU.Build.0 = Debug|Any CPU
		{A516E39D-7EA6-45A9-A978-1EC39A78DAC6}.Release|Any CPU.ActiveCfg = Release|Any CPU
		{A516E39D-7EA6-45A9-A978-1EC39A78DAC6}.Release|Any CPU.Build.0 = Release|Any CPU
		{82497B36-C292-4907-924B-4ABC4ACAEF0B}.Debug|Any CPU.ActiveCfg = Debug|Any CPU
		{82497B36-C292-4907-924B-4ABC4ACAEF0B}.Debug|Any CPU.Build.0 = Debug|Any CPU
		{82497B36-C292-4907-924B-4ABC4ACAEF0B}.Release|Any CPU.ActiveCfg = Release|Any CPU
		{82497B36-C292-4907-924B-4ABC4ACAEF0B}.Release|Any CPU.Build.0 = Release|Any CPU
		{A79D59AB-0F96-40AC-979F-29B66F5266F7}.Debug|Any CPU.ActiveCfg = Debug|Any CPU
		{A79D59AB-0F96-40AC-979F-29B66F5266F7}.Debug|Any CPU.Build.0 = Debug|Any CPU
		{A79D59AB-0F96-40AC-979F-29B66F5266F7}.Release|Any CPU.ActiveCfg = Release|Any CPU
		{A79D59AB-0F96-40AC-979F-29B66F5266F7}.Release|Any CPU.Build.0 = Release|Any CPU
		{CC9436B2-96D3-42B7-AE03-AAF3A37B7D78}.Debug|Any CPU.ActiveCfg = Debug|Any CPU
		{CC9436B2-96D3-42B7-AE03-AAF3A37B7D78}.Debug|Any CPU.Build.0 = Debug|Any CPU
		{CC9436B2-96D3-42B7-AE03-AAF3A37B7D78}.Release|Any CPU.ActiveCfg = Release|Any CPU
		{CC9436B2-96D3-42B7-AE03-AAF3A37B7D78}.Release|Any CPU.Build.0 = Release|Any CPU
	EndGlobalSection
	GlobalSection(SolutionProperties) = preSolution
		HideSolutionNode = FALSE
	EndGlobalSection
EndGlobal
